
Microsoft Visual Studio Solution File, Format Version 12.00
# Visual Studio 15
VisualStudioVersion = 15.0.28010.0
MinimumVisualStudioVersion = 10.0.40219.1
Project("{888888A0-9F3D-457C-B088-3A5042F75D52}") = "WebProject4", "WebProject4\WebProject4.pyproj", "{C73D8A53-D6E1-4E0F-9B39-263F408EC93B}"
EndProject
Global
	GlobalSection(SolutionConfigurationPlatforms) = preSolution
		Debug|Any CPU = Debug|Any CPU
		Release|Any CPU = Release|Any CPU
	EndGlobalSection
	GlobalSection(ProjectConfigurationPlatforms) = postSolution
		{C73D8A53-D6E1-4E0F-9B39-263F408EC93B}.Debug|Any CPU.ActiveCfg = Debug|Any CPU
		{C73D8A53-D6E1-4E0F-9B39-263F408EC93B}.Debug|Any CPU.Build.0 = Debug|Any CPU
		{C73D8A53-D6E1-4E0F-9B39-263F408EC93B}.Release|Any CPU.ActiveCfg = Release|Any CPU
		{C73D8A53-D6E1-4E0F-9B39-263F408EC93B}.Release|Any CPU.Build.0 = Release|Any CPU
	EndGlobalSection
	GlobalSection(SolutionProperties) = preSolution
		HideSolutionNode = FALSE
	EndGlobalSection
	GlobalSection(ExtensibilityGlobals) = postSolution
		SolutionGuid = {2AFB71D1-55F0-4538-9759-65592B511866}
	EndGlobalSection
EndGlobal
