
Microsoft Visual Studio Solution File, Format Version 12.00
# Visual Studio 15
VisualStudioVersion = 15.0.28010.0
MinimumVisualStudioVersion = 10.0.40219.1
Project("{FAE04EC0-301F-11D3-BF4B-00C04F79EFBC}") = "stock charts google", "stock charts google\stock charts google.csproj", "{D78AA75C-4EC9-4E43-977B-BBCACBC1A826}"
EndProject
Global
	GlobalSection(SolutionConfigurationPlatforms) = preSolution
		Debug|Any CPU = Debug|Any CPU
		Release|Any CPU = Release|Any CPU
	EndGlobalSection
	GlobalSection(ProjectConfigurationPlatforms) = postSolution
		{D78AA75C-4EC9-4E43-977B-BBCACBC1A826}.Debug|Any CPU.ActiveCfg = Debug|Any CPU
		{D78AA75C-4EC9-4E43-977B-BBCACBC1A826}.Debug|Any CPU.Build.0 = Debug|Any CPU
		{D78AA75C-4EC9-4E43-977B-BBCACBC1A826}.Release|Any CPU.ActiveCfg = Release|Any CPU
		{D78AA75C-4EC9-4E43-977B-BBCACBC1A826}.Release|Any CPU.Build.0 = Release|Any CPU
	EndGlobalSection
	GlobalSection(SolutionProperties) = preSolution
		HideSolutionNode = FALSE
	EndGlobalSection
	GlobalSection(ExtensibilityGlobals) = postSolution
		SolutionGuid = {892F64D6-EFAF-4E8D-883D-630187866458}
	EndGlobalSection
EndGlobal
