
Microsoft Visual Studio Solution File, Format Version 12.00
# Visual Studio 15
VisualStudioVersion = 15.0.28010.0
MinimumVisualStudioVersion = 10.0.40219.1
Project("{888888A0-9F3D-457C-B088-3A5042F75D52}") = "algorithmic toolbox week 3", "algorithmic toolbox week 3\algorithmic toolbox week 3.pyproj", "{532C0AB1-15AF-40CF-B893-683E6070916C}"
EndProject
Global
	GlobalSection(SolutionConfigurationPlatforms) = preSolution
		Debug|Any CPU = Debug|Any CPU
		Release|Any CPU = Release|Any CPU
	EndGlobalSection
	GlobalSection(ProjectConfigurationPlatforms) = postSolution
		{532C0AB1-15AF-40CF-B893-683E6070916C}.Debug|Any CPU.ActiveCfg = Debug|Any CPU
		{532C0AB1-15AF-40CF-B893-683E6070916C}.Debug|Any CPU.Build.0 = Debug|Any CPU
		{532C0AB1-15AF-40CF-B893-683E6070916C}.Release|Any CPU.ActiveCfg = Release|Any CPU
		{532C0AB1-15AF-40CF-B893-683E6070916C}.Release|Any CPU.Build.0 = Release|Any CPU
	EndGlobalSection
	GlobalSection(SolutionProperties) = preSolution
		HideSolutionNode = FALSE
	EndGlobalSection
	GlobalSection(ExtensibilityGlobals) = postSolution
		SolutionGuid = {243DE558-D182-41A7-9CA9-3DDC38DC2A07}
	EndGlobalSection
EndGlobal
